
Microsoft Visual Studio Solution File, Format Version 12.00
# Visual Studio Version 16
VisualStudioVersion = 16.0.31515.178
MinimumVisualStudioVersion = 10.0.40219.1
Project("{FAE04EC0-301F-11D3-BF4B-00C04F79EFBC}") = "EHR", "EHR\EHR.csproj", "{86EA7E27-0FE7-4EC8-A1A2-E2C8127B31B2}"
EndProject
Project("{FAE04EC0-301F-11D3-BF4B-00C04F79EFBC}") = "EHRApp", "EHRApp\EHRApp.csproj", "{00199037-98F2-4DFF-9601-4DD005A66F1C}"
EndProject
Project("{FAE04EC0-301F-11D3-BF4B-00C04F79EFBC}") = "EHRDomain", "EHRDomain\EHRDomain.csproj", "{C0660DEA-F1D8-4BC5-8BDC-DA3F0713D50D}"
EndProject
Project("{FAE04EC0-301F-11D3-BF4B-00C04F79EFBC}") = "EHRRepository", "EHRRepository\EHRRepository.csproj", "{34781818-6332-43EC-87A3-D8A95AAB0479}"
EndProject
Global
	GlobalSection(SolutionConfigurationPlatforms) = preSolution
		Debug|Any CPU = Debug|Any CPU
		Release|Any CPU = Release|Any CPU
	EndGlobalSection
	GlobalSection(ProjectConfigurationPlatforms) = postSolution
		{86EA7E27-0FE7-4EC8-A1A2-E2C8127B31B2}.Debug|Any CPU.ActiveCfg = Debug|Any CPU
		{86EA7E27-0FE7-4EC8-A1A2-E2C8127B31B2}.Debug|Any CPU.Build.0 = Debug|Any CPU
		{86EA7E27-0FE7-4EC8-A1A2-E2C8127B31B2}.Release|Any CPU.ActiveCfg = Release|Any CPU
		{86EA7E27-0FE7-4EC8-A1A2-E2C8127B31B2}.Release|Any CPU.Build.0 = Release|Any CPU
		{00199037-98F2-4DFF-9601-4DD005A66F1C}.Debug|Any CPU.ActiveCfg = Debug|Any CPU
		{00199037-98F2-4DFF-9601-4DD005A66F1C}.Debug|Any CPU.Build.0 = Debug|Any CPU
		{00199037-98F2-4DFF-9601-4DD005A66F1C}.Release|Any CPU.ActiveCfg = Release|Any CPU
		{00199037-98F2-4DFF-9601-4DD005A66F1C}.Release|Any CPU.Build.0 = Release|Any CPU
		{C0660DEA-F1D8-4BC5-8BDC-DA3F0713D50D}.Debug|Any CPU.ActiveCfg = Debug|Any CPU
		{C0660DEA-F1D8-4BC5-8BDC-DA3F0713D50D}.Debug|Any CPU.Build.0 = Debug|Any CPU
		{C0660DEA-F1D8-4BC5-8BDC-DA3F0713D50D}.Release|Any CPU.ActiveCfg = Release|Any CPU
		{C0660DEA-F1D8-4BC5-8BDC-DA3F0713D50D}.Release|Any CPU.Build.0 = Release|Any CPU
		{34781818-6332-43EC-87A3-D8A95AAB0479}.Debug|Any CPU.ActiveCfg = Debug|Any CPU
		{34781818-6332-43EC-87A3-D8A95AAB0479}.Debug|Any CPU.Build.0 = Debug|Any CPU
		{34781818-6332-43EC-87A3-D8A95AAB0479}.Release|Any CPU.ActiveCfg = Release|Any CPU
		{34781818-6332-43EC-87A3-D8A95AAB0479}.Release|Any CPU.Build.0 = Release|Any CPU
	EndGlobalSection
	GlobalSection(SolutionProperties) = preSolution
		HideSolutionNode = FALSE
	EndGlobalSection
	GlobalSection(ExtensibilityGlobals) = postSolution
		SolutionGuid = {F9319E32-FA84-4494-B530-33B4776FBD03}
	EndGlobalSection
EndGlobal
